uuid: 6627b989-d08e-47ea-8c8b-c29df1c4ac78
langcode: en
status: true
dependencies:
  module:
    - hdbt_content
  theme:
    - infofinland
_core:
  default_config_hash: IsZxrQIR5fs_5xZDQ1BJ8K5LXwiaRAM3Gk-HY4vuVb4
id: infofinland_footertopblock
theme: infofinland
region: footer_top
weight: -3
provider: null
plugin: footer_top_block
settings:
  id: footer_top_block
  label: 'Footer top block'
  label_display: '0'
  provider: hdbt_content
visibility: {  }
